
Microsoft Visual Studio Solution File, Format Version 12.00
# Visual Studio 15
VisualStudioVersion = 15.0.27428.2043
MinimumVisualStudioVersion = 10.0.40219.1
Project("{8BC9CEB8-8B4A-11D0-8D11-00A0C91BC942}") = "GameSokolovskyB", "GameSokolovskyB\GameSokolovskyB.vcxproj", "{C9DE6F7B-1F2B-4D6A-ABC7-8EC52715ED59}"
EndProject
Project("{54435603-DBB4-11D2-8724-00A0C9A8B90C}") = "Bachet", "Bachet\Bachet.vdproj", "{532ACBD5-E312-4A31-B6E6-8C92EBA9DD19}"
EndProject
Global
	GlobalSection(SolutionConfigurationPlatforms) = preSolution
		Debug|x64 = Debug|x64
		Debug|x86 = Debug|x86
		Release|x64 = Release|x64
		Release|x86 = Release|x86
	EndGlobalSection
	GlobalSection(ProjectConfigurationPlatforms) = postSolution
		{C9DE6F7B-1F2B-4D6A-ABC7-8EC52715ED59}.Debug|x64.ActiveCfg = Debug|x64
		{C9DE6F7B-1F2B-4D6A-ABC7-8EC52715ED59}.Debug|x64.Build.0 = Debug|x64
		{C9DE6F7B-1F2B-4D6A-ABC7-8EC52715ED59}.Debug|x86.ActiveCfg = Debug|x64
		{C9DE6F7B-1F2B-4D6A-ABC7-8EC52715ED59}.Debug|x86.Build.0 = Debug|x64
		{C9DE6F7B-1F2B-4D6A-ABC7-8EC52715ED59}.Release|x64.ActiveCfg = Debug|x64
		{C9DE6F7B-1F2B-4D6A-ABC7-8EC52715ED59}.Release|x64.Build.0 = Debug|x64
		{C9DE6F7B-1F2B-4D6A-ABC7-8EC52715ED59}.Release|x86.ActiveCfg = Debug|x64
		{C9DE6F7B-1F2B-4D6A-ABC7-8EC52715ED59}.Release|x86.Build.0 = Debug|x64
		{532ACBD5-E312-4A31-B6E6-8C92EBA9DD19}.Debug|x64.ActiveCfg = Debug
		{532ACBD5-E312-4A31-B6E6-8C92EBA9DD19}.Debug|x64.Build.0 = Debug
		{532ACBD5-E312-4A31-B6E6-8C92EBA9DD19}.Debug|x86.ActiveCfg = Debug
		{532ACBD5-E312-4A31-B6E6-8C92EBA9DD19}.Debug|x86.Build.0 = Debug
		{532ACBD5-E312-4A31-B6E6-8C92EBA9DD19}.Release|x64.ActiveCfg = Debug
		{532ACBD5-E312-4A31-B6E6-8C92EBA9DD19}.Release|x64.Build.0 = Debug
		{532ACBD5-E312-4A31-B6E6-8C92EBA9DD19}.Release|x86.ActiveCfg = Debug
		{532ACBD5-E312-4A31-B6E6-8C92EBA9DD19}.Release|x86.Build.0 = Debug
	EndGlobalSection
	GlobalSection(SolutionProperties) = preSolution
		HideSolutionNode = FALSE
	EndGlobalSection
	GlobalSection(ExtensibilityGlobals) = postSolution
		SolutionGuid = {D41F8B31-FA85-4A47-A13C-A45513C2D3EA}
	EndGlobalSection
EndGlobal
